
Microsoft Visual Studio Solution File, Format Version 12.00
# Visual Studio Version 17
VisualStudioVersion = 17.7.34202.233
MinimumVisualStudioVersion = 10.0.40219.1
Project("{FAE04EC0-301F-11D3-BF4B-00C04F79EFBC}") = "Odev", "Odev\Odev.csproj", "{0CAC6F7E-A3FD-4C28-8156-A6B69BAF46FD}"
EndProject
Project("{FAE04EC0-301F-11D3-BF4B-00C04F79EFBC}") = "TypesAndVariables", "TypesAndVariables\TypesAndVariables.csproj", "{C3F2C29D-7121-434F-BDF3-A52A22A26757}"
EndProject
Project("{FAE04EC0-301F-11D3-BF4B-00C04F79EFBC}") = "Conditionals", "Conditionals\Conditionals.csproj", "{0BF5084F-6343-4797-B24A-10D998310718}"
EndProject
Global
	GlobalSection(SolutionConfigurationPlatforms) = preSolution
		Debug|Any CPU = Debug|Any CPU
		Release|Any CPU = Release|Any CPU
	EndGlobalSection
	GlobalSection(ProjectConfigurationPlatforms) = postSolution
		{0CAC6F7E-A3FD-4C28-8156-A6B69BAF46FD}.Debug|Any CPU.ActiveCfg = Debug|Any CPU
		{0CAC6F7E-A3FD-4C28-8156-A6B69BAF46FD}.Debug|Any CPU.Build.0 = Debug|Any CPU
		{0CAC6F7E-A3FD-4C28-8156-A6B69BAF46FD}.Release|Any CPU.ActiveCfg = Release|Any CPU
		{0CAC6F7E-A3FD-4C28-8156-A6B69BAF46FD}.Release|Any CPU.Build.0 = Release|Any CPU
		{C3F2C29D-7121-434F-BDF3-A52A22A26757}.Debug|Any CPU.ActiveCfg = Debug|Any CPU
		{C3F2C29D-7121-434F-BDF3-A52A22A26757}.Debug|Any CPU.Build.0 = Debug|Any CPU
		{C3F2C29D-7121-434F-BDF3-A52A22A26757}.Release|Any CPU.ActiveCfg = Release|Any CPU
		{C3F2C29D-7121-434F-BDF3-A52A22A26757}.Release|Any CPU.Build.0 = Release|Any CPU
		{0BF5084F-6343-4797-B24A-10D998310718}.Debug|Any CPU.ActiveCfg = Debug|Any CPU
		{0BF5084F-6343-4797-B24A-10D998310718}.Debug|Any CPU.Build.0 = Debug|Any CPU
		{0BF5084F-6343-4797-B24A-10D998310718}.Release|Any CPU.ActiveCfg = Release|Any CPU
		{0BF5084F-6343-4797-B24A-10D998310718}.Release|Any CPU.Build.0 = Release|Any CPU
	EndGlobalSection
	GlobalSection(SolutionProperties) = preSolution
		HideSolutionNode = FALSE
	EndGlobalSection
	GlobalSection(ExtensibilityGlobals) = postSolution
		SolutionGuid = {FC47E5D0-B21A-479B-B224-D99BF690A07E}
	EndGlobalSection
EndGlobal
